
Microsoft Visual Studio Solution File, Format Version 12.00
# Visual Studio 2013
VisualStudioVersion = 12.0.30501.0
MinimumVisualStudioVersion = 10.0.40219.1
Project("{262852C6-CD72-467D-83FE-5EEB1973A190}") = "Poker24", "Poker24\Poker24.jsproj", "{B5BFCE9F-1BEA-4A98-A6C4-662F151C0068}"
EndProject
Project("{FAE04EC0-301F-11D3-BF4B-00C04F79EFBC}") = "ServerSide", "ServerSide\ServerSide.csproj", "{BCB1DDFB-2D8D-4880-AEDB-E6B757E2BCFA}"
EndProject
Project("{FAE04EC0-301F-11D3-BF4B-00C04F79EFBC}") = "DataLib", "DataLib\DataLib.csproj", "{B2E0EE56-4169-4621-81E7-508C682FBC59}"
EndProject
Global
	GlobalSection(SolutionConfigurationPlatforms) = preSolution
		Debug|Android = Debug|Android
		Debug|Any CPU = Debug|Any CPU
		Debug|iOS = Debug|iOS
		Debug|Mixed Platforms = Debug|Mixed Platforms
		Debug|Windows Phone = Debug|Windows Phone
		Debug|Windows-AnyCPU = Debug|Windows-AnyCPU
		Debug|Windows-ARM = Debug|Windows-ARM
		Debug|Windows-x64 = Debug|Windows-x64
		Debug|Windows-x86 = Debug|Windows-x86
		Distribution|Android = Distribution|Android
		Distribution|Any CPU = Distribution|Any CPU
		Distribution|iOS = Distribution|iOS
		Distribution|Mixed Platforms = Distribution|Mixed Platforms
		Distribution|Windows Phone = Distribution|Windows Phone
		Distribution|Windows-AnyCPU = Distribution|Windows-AnyCPU
		Distribution|Windows-ARM = Distribution|Windows-ARM
		Distribution|Windows-x64 = Distribution|Windows-x64
		Distribution|Windows-x86 = Distribution|Windows-x86
		Release|Android = Release|Android
		Release|Any CPU = Release|Any CPU
		Release|iOS = Release|iOS
		Release|Mixed Platforms = Release|Mixed Platforms
		Release|Windows Phone = Release|Windows Phone
		Release|Windows-AnyCPU = Release|Windows-AnyCPU
		Release|Windows-ARM = Release|Windows-ARM
		Release|Windows-x64 = Release|Windows-x64
		Release|Windows-x86 = Release|Windows-x86
	EndGlobalSection
	GlobalSection(ProjectConfigurationPlatforms) = postSolution
		{B5BFCE9F-1BEA-4A98-A6C4-662F151C0068}.Debug|Android.ActiveCfg = Debug|Android
		{B5BFCE9F-1BEA-4A98-A6C4-662F151C0068}.Debug|Android.Build.0 = Debug|Android
		{B5BFCE9F-1BEA-4A98-A6C4-662F151C0068}.Debug|Android.Deploy.0 = Debug|Android
		{B5BFCE9F-1BEA-4A98-A6C4-662F151C0068}.Debug|Any CPU.ActiveCfg = Debug|Android
		{B5BFCE9F-1BEA-4A98-A6C4-662F151C0068}.Debug|iOS.ActiveCfg = Debug|iOS
		{B5BFCE9F-1BEA-4A98-A6C4-662F151C0068}.Debug|iOS.Build.0 = Debug|iOS
		{B5BFCE9F-1BEA-4A98-A6C4-662F151C0068}.Debug|iOS.Deploy.0 = Debug|iOS
		{B5BFCE9F-1BEA-4A98-A6C4-662F151C0068}.Debug|Mixed Platforms.ActiveCfg = Debug|Windows-x86
		{B5BFCE9F-1BEA-4A98-A6C4-662F151C0068}.Debug|Mixed Platforms.Build.0 = Debug|Windows-x86
		{B5BFCE9F-1BEA-4A98-A6C4-662F151C0068}.Debug|Mixed Platforms.Deploy.0 = Debug|Windows-x86
		{B5BFCE9F-1BEA-4A98-A6C4-662F151C0068}.Debug|Windows Phone.ActiveCfg = Debug|Windows Phone
		{B5BFCE9F-1BEA-4A98-A6C4-662F151C0068}.Debug|Windows Phone.Build.0 = Debug|Windows Phone
		{B5BFCE9F-1BEA-4A98-A6C4-662F151C0068}.Debug|Windows Phone.Deploy.0 = Debug|Windows Phone
		{B5BFCE9F-1BEA-4A98-A6C4-662F151C0068}.Debug|Windows-AnyCPU.ActiveCfg = Debug|Windows-AnyCPU
		{B5BFCE9F-1BEA-4A98-A6C4-662F151C0068}.Debug|Windows-AnyCPU.Build.0 = Debug|Windows-AnyCPU
		{B5BFCE9F-1BEA-4A98-A6C4-662F151C0068}.Debug|Windows-AnyCPU.Deploy.0 = Debug|Windows-AnyCPU
		{B5BFCE9F-1BEA-4A98-A6C4-662F151C0068}.Debug|Windows-ARM.ActiveCfg = Debug|Windows-ARM
		{B5BFCE9F-1BEA-4A98-A6C4-662F151C0068}.Debug|Windows-ARM.Build.0 = Debug|Windows-ARM
		{B5BFCE9F-1BEA-4A98-A6C4-662F151C0068}.Debug|Windows-ARM.Deploy.0 = Debug|Windows-ARM
		{B5BFCE9F-1BEA-4A98-A6C4-662F151C0068}.Debug|Windows-x64.ActiveCfg = Debug|Windows-x64
		{B5BFCE9F-1BEA-4A98-A6C4-662F151C0068}.Debug|Windows-x64.Build.0 = Debug|Windows-x64
		{B5BFCE9F-1BEA-4A98-A6C4-662F151C0068}.Debug|Windows-x64.Deploy.0 = Debug|Windows-x64
		{B5BFCE9F-1BEA-4A98-A6C4-662F151C0068}.Debug|Windows-x86.ActiveCfg = Debug|Windows-x86
		{B5BFCE9F-1BEA-4A98-A6C4-662F151C0068}.Debug|Windows-x86.Build.0 = Debug|Windows-x86
		{B5BFCE9F-1BEA-4A98-A6C4-662F151C0068}.Debug|Windows-x86.Deploy.0 = Debug|Windows-x86
		{B5BFCE9F-1BEA-4A98-A6C4-662F151C0068}.Distribution|Android.ActiveCfg = Distribution|Android
		{B5BFCE9F-1BEA-4A98-A6C4-662F151C0068}.Distribution|Android.Build.0 = Distribution|Android
		{B5BFCE9F-1BEA-4A98-A6C4-662F151C0068}.Distribution|Android.Deploy.0 = Distribution|Android
		{B5BFCE9F-1BEA-4A98-A6C4-662F151C0068}.Distribution|Any CPU.ActiveCfg = Distribution|Android
		{B5BFCE9F-1BEA-4A98-A6C4-662F151C0068}.Distribution|iOS.ActiveCfg = Distribution|iOS
		{B5BFCE9F-1BEA-4A98-A6C4-662F151C0068}.Distribution|iOS.Build.0 = Distribution|iOS
		{B5BFCE9F-1BEA-4A98-A6C4-662F151C0068}.Distribution|iOS.Deploy.0 = Distribution|iOS
		{B5BFCE9F-1BEA-4A98-A6C4-662F151C0068}.Distribution|Mixed Platforms.ActiveCfg = Distribution|Windows-x86
		{B5BFCE9F-1BEA-4A98-A6C4-662F151C0068}.Distribution|Mixed Platforms.Build.0 = Distribution|Windows-x86
		{B5BFCE9F-1BEA-4A98-A6C4-662F151C0068}.Distribution|Mixed Platforms.Deploy.0 = Distribution|Windows-x86
		{B5BFCE9F-1BEA-4A98-A6C4-662F151C0068}.Distribution|Windows Phone.ActiveCfg = Distribution|Windows Phone
		{B5BFCE9F-1BEA-4A98-A6C4-662F151C0068}.Distribution|Windows Phone.Build.0 = Distribution|Windows Phone
		{B5BFCE9F-1BEA-4A98-A6C4-662F151C0068}.Distribution|Windows Phone.Deploy.0 = Distribution|Windows Phone
		{B5BFCE9F-1BEA-4A98-A6C4-662F151C0068}.Distribution|Windows-AnyCPU.ActiveCfg = Distribution|Windows-AnyCPU
		{B5BFCE9F-1BEA-4A98-A6C4-662F151C0068}.Distribution|Windows-AnyCPU.Build.0 = Distribution|Windows-AnyCPU
		{B5BFCE9F-1BEA-4A98-A6C4-662F151C0068}.Distribution|Windows-AnyCPU.Deploy.0 = Distribution|Windows-AnyCPU
		{B5BFCE9F-1BEA-4A98-A6C4-662F151C0068}.Distribution|Windows-ARM.ActiveCfg = Distribution|Windows-ARM
		{B5BFCE9F-1BEA-4A98-A6C4-662F151C0068}.Distribution|Windows-ARM.Build.0 = Distribution|Windows-ARM
		{B5BFCE9F-1BEA-4A98-A6C4-662F151C0068}.Distribution|Windows-ARM.Deploy.0 = Distribution|Windows-ARM
		{B5BFCE9F-1BEA-4A98-A6C4-662F151C0068}.Distribution|Windows-x64.ActiveCfg = Distribution|Windows-x64
		{B5BFCE9F-1BEA-4A98-A6C4-662F151C0068}.Distribution|Windows-x64.Build.0 = Distribution|Windows-x64
		{B5BFCE9F-1BEA-4A98-A6C4-662F151C0068}.Distribution|Windows-x64.Deploy.0 = Distribution|Windows-x64
		{B5BFCE9F-1BEA-4A98-A6C4-662F151C0068}.Distribution|Windows-x86.ActiveCfg = Distribution|Windows-x86
		{B5BFCE9F-1BEA-4A98-A6C4-662F151C0068}.Distribution|Windows-x86.Build.0 = Distribution|Windows-x86
		{B5BFCE9F-1BEA-4A98-A6C4-662F151C0068}.Distribution|Windows-x86.Deploy.0 = Distribution|Windows-x86
		{B5BFCE9F-1BEA-4A98-A6C4-662F151C0068}.Release|Android.ActiveCfg = Release|Android
		{B5BFCE9F-1BEA-4A98-A6C4-662F151C0068}.Release|Android.Build.0 = Release|Android
		{B5BFCE9F-1BEA-4A98-A6C4-662F151C0068}.Release|Android.Deploy.0 = Release|Android
		{B5BFCE9F-1BEA-4A98-A6C4-662F151C0068}.Release|Any CPU.ActiveCfg = Release|Android
		{B5BFCE9F-1BEA-4A98-A6C4-662F151C0068}.Release|iOS.ActiveCfg = Release|iOS
		{B5BFCE9F-1BEA-4A98-A6C4-662F151C0068}.Release|iOS.Build.0 = Release|iOS
		{B5BFCE9F-1BEA-4A98-A6C4-662F151C0068}.Release|iOS.Deploy.0 = Release|iOS
		{B5BFCE9F-1BEA-4A98-A6C4-662F151C0068}.Release|Mixed Platforms.ActiveCfg = Release|Windows-x86
		{B5BFCE9F-1BEA-4A98-A6C4-662F151C0068}.Release|Mixed Platforms.Build.0 = Release|Windows-x86
		{B5BFCE9F-1BEA-4A98-A6C4-662F151C0068}.Release|Mixed Platforms.Deploy.0 = Release|Windows-x86
		{B5BFCE9F-1BEA-4A98-A6C4-662F151C0068}.Release|Windows Phone.ActiveCfg = Release|Windows Phone
		{B5BFCE9F-1BEA-4A98-A6C4-662F151C0068}.Release|Windows Phone.Build.0 = Release|Windows Phone
		{B5BFCE9F-1BEA-4A98-A6C4-662F151C0068}.Release|Windows Phone.Deploy.0 = Release|Windows Phone
		{B5BFCE9F-1BEA-4A98-A6C4-662F151C0068}.Release|Windows-AnyCPU.ActiveCfg = Release|Windows-AnyCPU
		{B5BFCE9F-1BEA-4A98-A6C4-662F151C0068}.Release|Windows-AnyCPU.Build.0 = Release|Windows-AnyCPU
		{B5BFCE9F-1BEA-4A98-A6C4-662F151C0068}.Release|Windows-AnyCPU.Deploy.0 = Release|Windows-AnyCPU
		{B5BFCE9F-1BEA-4A98-A6C4-662F151C0068}.Release|Windows-ARM.ActiveCfg = Release|Windows-ARM
		{B5BFCE9F-1BEA-4A98-A6C4-662F151C0068}.Release|Windows-ARM.Build.0 = Release|Windows-ARM
		{B5BFCE9F-1BEA-4A98-A6C4-662F151C0068}.Release|Windows-ARM.Deploy.0 = Release|Windows-ARM
		{B5BFCE9F-1BEA-4A98-A6C4-662F151C0068}.Release|Windows-x64.ActiveCfg = Release|Windows-x64
		{B5BFCE9F-1BEA-4A98-A6C4-662F151C0068}.Release|Windows-x64.Build.0 = Release|Windows-x64
		{B5BFCE9F-1BEA-4A98-A6C4-662F151C0068}.Release|Windows-x64.Deploy.0 = Release|Windows-x64
		{B5BFCE9F-1BEA-4A98-A6C4-662F151C0068}.Release|Windows-x86.ActiveCfg = Release|Windows-x86
		{B5BFCE9F-1BEA-4A98-A6C4-662F151C0068}.Release|Windows-x86.Build.0 = Release|Windows-x86
		{B5BFCE9F-1BEA-4A98-A6C4-662F151C0068}.Release|Windows-x86.Deploy.0 = Release|Windows-x86
		{BCB1DDFB-2D8D-4880-AEDB-E6B757E2BCFA}.Debug|Android.ActiveCfg = Debug|Any CPU
		{BCB1DDFB-2D8D-4880-AEDB-E6B757E2BCFA}.Debug|Any CPU.ActiveCfg = Debug|Any CPU
		{BCB1DDFB-2D8D-4880-AEDB-E6B757E2BCFA}.Debug|Any CPU.Build.0 = Debug|Any CPU
		{BCB1DDFB-2D8D-4880-AEDB-E6B757E2BCFA}.Debug|iOS.ActiveCfg = Debug|Any CPU
		{BCB1DDFB-2D8D-4880-AEDB-E6B757E2BCFA}.Debug|Mixed Platforms.ActiveCfg = Debug|Any CPU
		{BCB1DDFB-2D8D-4880-AEDB-E6B757E2BCFA}.Debug|Mixed Platforms.Build.0 = Debug|Any CPU
		{BCB1DDFB-2D8D-4880-AEDB-E6B757E2BCFA}.Debug|Windows Phone.ActiveCfg = Debug|Any CPU
		{BCB1DDFB-2D8D-4880-AEDB-E6B757E2BCFA}.Debug|Windows-AnyCPU.ActiveCfg = Debug|Any CPU
		{BCB1DDFB-2D8D-4880-AEDB-E6B757E2BCFA}.Debug|Windows-ARM.ActiveCfg = Debug|Any CPU
		{BCB1DDFB-2D8D-4880-AEDB-E6B757E2BCFA}.Debug|Windows-x64.ActiveCfg = Debug|Any CPU
		{BCB1DDFB-2D8D-4880-AEDB-E6B757E2BCFA}.Debug|Windows-x86.ActiveCfg = Debug|Any CPU
		{BCB1DDFB-2D8D-4880-AEDB-E6B757E2BCFA}.Distribution|Android.ActiveCfg = Debug|Any CPU
		{BCB1DDFB-2D8D-4880-AEDB-E6B757E2BCFA}.Distribution|Any CPU.ActiveCfg = Debug|Any CPU
		{BCB1DDFB-2D8D-4880-AEDB-E6B757E2BCFA}.Distribution|Any CPU.Build.0 = Debug|Any CPU
		{BCB1DDFB-2D8D-4880-AEDB-E6B757E2BCFA}.Distribution|iOS.ActiveCfg = Debug|Any CPU
		{BCB1DDFB-2D8D-4880-AEDB-E6B757E2BCFA}.Distribution|Mixed Platforms.ActiveCfg = Debug|Any CPU
		{BCB1DDFB-2D8D-4880-AEDB-E6B757E2BCFA}.Distribution|Mixed Platforms.Build.0 = Debug|Any CPU
		{BCB1DDFB-2D8D-4880-AEDB-E6B757E2BCFA}.Distribution|Windows Phone.ActiveCfg = Debug|Any CPU
		{BCB1DDFB-2D8D-4880-AEDB-E6B757E2BCFA}.Distribution|Windows-AnyCPU.ActiveCfg = Debug|Any CPU
		{BCB1DDFB-2D8D-4880-AEDB-E6B757E2BCFA}.Distribution|Windows-ARM.ActiveCfg = Debug|Any CPU
		{BCB1DDFB-2D8D-4880-AEDB-E6B757E2BCFA}.Distribution|Windows-x64.ActiveCfg = Debug|Any CPU
		{BCB1DDFB-2D8D-4880-AEDB-E6B757E2BCFA}.Distribution|Windows-x86.ActiveCfg = Debug|Any CPU
		{BCB1DDFB-2D8D-4880-AEDB-E6B757E2BCFA}.Release|Android.ActiveCfg = Release|Any CPU
		{BCB1DDFB-2D8D-4880-AEDB-E6B757E2BCFA}.Release|Any CPU.ActiveCfg = Release|Any CPU
		{BCB1DDFB-2D8D-4880-AEDB-E6B757E2BCFA}.Release|Any CPU.Build.0 = Release|Any CPU
		{BCB1DDFB-2D8D-4880-AEDB-E6B757E2BCFA}.Release|iOS.ActiveCfg = Release|Any CPU
		{BCB1DDFB-2D8D-4880-AEDB-E6B757E2BCFA}.Release|Mixed Platforms.ActiveCfg = Release|Any CPU
		{BCB1DDFB-2D8D-4880-AEDB-E6B757E2BCFA}.Release|Mixed Platforms.Build.0 = Release|Any CPU
		{BCB1DDFB-2D8D-4880-AEDB-E6B757E2BCFA}.Release|Windows Phone.ActiveCfg = Release|Any CPU
		{BCB1DDFB-2D8D-4880-AEDB-E6B757E2BCFA}.Release|Windows-AnyCPU.ActiveCfg = Release|Any CPU
		{BCB1DDFB-2D8D-4880-AEDB-E6B757E2BCFA}.Release|Windows-ARM.ActiveCfg = Release|Any CPU
		{BCB1DDFB-2D8D-4880-AEDB-E6B757E2BCFA}.Release|Windows-x64.ActiveCfg = Release|Any CPU
		{BCB1DDFB-2D8D-4880-AEDB-E6B757E2BCFA}.Release|Windows-x86.ActiveCfg = Release|Any CPU
		{B2E0EE56-4169-4621-81E7-508C682FBC59}.Debug|Android.ActiveCfg = Debug|Any CPU
		{B2E0EE56-4169-4621-81E7-508C682FBC59}.Debug|Any CPU.ActiveCfg = Debug|Any CPU
		{B2E0EE56-4169-4621-81E7-508C682FBC59}.Debug|Any CPU.Build.0 = Debug|Any CPU
		{B2E0EE56-4169-4621-81E7-508C682FBC59}.Debug|iOS.ActiveCfg = Debug|Any CPU
		{B2E0EE56-4169-4621-81E7-508C682FBC59}.Debug|Mixed Platforms.ActiveCfg = Debug|Any CPU
		{B2E0EE56-4169-4621-81E7-508C682FBC59}.Debug|Mixed Platforms.Build.0 = Debug|Any CPU
		{B2E0EE56-4169-4621-81E7-508C682FBC59}.Debug|Windows Phone.ActiveCfg = Debug|Any CPU
		{B2E0EE56-4169-4621-81E7-508C682FBC59}.Debug|Windows-AnyCPU.ActiveCfg = Debug|Any CPU
		{B2E0EE56-4169-4621-81E7-508C682FBC59}.Debug|Windows-ARM.ActiveCfg = Debug|Any CPU
		{B2E0EE56-4169-4621-81E7-508C682FBC59}.Debug|Windows-x64.ActiveCfg = Debug|Any CPU
		{B2E0EE56-4169-4621-81E7-508C682FBC59}.Debug|Windows-x86.ActiveCfg = Debug|Any CPU
		{B2E0EE56-4169-4621-81E7-508C682FBC59}.Distribution|Android.ActiveCfg = Debug|Any CPU
		{B2E0EE56-4169-4621-81E7-508C682FBC59}.Distribution|Any CPU.ActiveCfg = Debug|Any CPU
		{B2E0EE56-4169-4621-81E7-508C682FBC59}.Distribution|Any CPU.Build.0 = Debug|Any CPU
		{B2E0EE56-4169-4621-81E7-508C682FBC59}.Distribution|iOS.ActiveCfg = Debug|Any CPU
		{B2E0EE56-4169-4621-81E7-508C682FBC59}.Distribution|Mixed Platforms.ActiveCfg = Debug|Any CPU
		{B2E0EE56-4169-4621-81E7-508C682FBC59}.Distribution|Mixed Platforms.Build.0 = Debug|Any CPU
		{B2E0EE56-4169-4621-81E7-508C682FBC59}.Distribution|Windows Phone.ActiveCfg = Debug|Any CPU
		{B2E0EE56-4169-4621-81E7-508C682FBC59}.Distribution|Windows-AnyCPU.ActiveCfg = Debug|Any CPU
		{B2E0EE56-4169-4621-81E7-508C682FBC59}.Distribution|Windows-ARM.ActiveCfg = Debug|Any CPU
		{B2E0EE56-4169-4621-81E7-508C682FBC59}.Distribution|Windows-x64.ActiveCfg = Debug|Any CPU
		{B2E0EE56-4169-4621-81E7-508C682FBC59}.Distribution|Windows-x86.ActiveCfg = Debug|Any CPU
		{B2E0EE56-4169-4621-81E7-508C682FBC59}.Release|Android.ActiveCfg = Release|Any CPU
		{B2E0EE56-4169-4621-81E7-508C682FBC59}.Release|Any CPU.ActiveCfg = Release|Any CPU
		{B2E0EE56-4169-4621-81E7-508C682FBC59}.Release|Any CPU.Build.0 = Release|Any CPU
		{B2E0EE56-4169-4621-81E7-508C682FBC59}.Release|iOS.ActiveCfg = Release|Any CPU
		{B2E0EE56-4169-4621-81E7-508C682FBC59}.Release|Mixed Platforms.ActiveCfg = Release|Any CPU
		{B2E0EE56-4169-4621-81E7-508C682FBC59}.Release|Mixed Platforms.Build.0 = Release|Any CPU
		{B2E0EE56-4169-4621-81E7-508C682FBC59}.Release|Windows Phone.ActiveCfg = Release|Any CPU
		{B2E0EE56-4169-4621-81E7-508C682FBC59}.Release|Windows-AnyCPU.ActiveCfg = Release|Any CPU
		{B2E0EE56-4169-4621-81E7-508C682FBC59}.Release|Windows-ARM.ActiveCfg = Release|Any CPU
		{B2E0EE56-4169-4621-81E7-508C682FBC59}.Release|Windows-x64.ActiveCfg = Release|Any CPU
		{B2E0EE56-4169-4621-81E7-508C682FBC59}.Release|Windows-x86.ActiveCfg = Release|Any CPU
	EndGlobalSection
	GlobalSection(SolutionProperties) = preSolution
		HideSolutionNode = FALSE
	EndGlobalSection
EndGlobal
